{
  "requires": true,
  "lockfileVersion": 1,
  "dependencies": {
    "react-multi-carousel": {
      "version": "2.6.5",
      "resolved": "https://registry.npmjs.org/react-multi-carousel/-/react-multi-carousel-2.6.5.tgz",
      "integrity": "sha512-i5iuAm5XRT/h7uBL9/pGWeRsQXzqvjBrPVP1sobKgDKEvfZuKFpYp/alaQhTRM56Jtkb8jZpSqLn52Ku6jJbDg=="
    }
  }
}
